
Microsoft Visual Studio Solution File, Format Version 12.00
# Visual Studio Version 17
VisualStudioVersion = 17.2.32526.322
MinimumVisualStudioVersion = 10.0.40219.1
Project("{FAE04EC0-301F-11D3-BF4B-00C04F79EFBC}") = "Mesa-de-Trabalho-Refatorado", "Mesa-de-Trabalho-Refatorado\Mesa-de-Trabalho-Refatorado.csproj", "{7839CCCA-08A3-4C58-A866-BDB3CA3B139F}"
EndProject
Global
	GlobalSection(SolutionConfigurationPlatforms) = preSolution
		Debug|Any CPU = Debug|Any CPU
		Release|Any CPU = Release|Any CPU
	EndGlobalSection
	GlobalSection(ProjectConfigurationPlatforms) = postSolution
		{7839CCCA-08A3-4C58-A866-BDB3CA3B139F}.Debug|Any CPU.ActiveCfg = Debug|Any CPU
		{7839CCCA-08A3-4C58-A866-BDB3CA3B139F}.Debug|Any CPU.Build.0 = Debug|Any CPU
		{7839CCCA-08A3-4C58-A866-BDB3CA3B139F}.Release|Any CPU.ActiveCfg = Release|Any CPU
		{7839CCCA-08A3-4C58-A866-BDB3CA3B139F}.Release|Any CPU.Build.0 = Release|Any CPU
	EndGlobalSection
	GlobalSection(SolutionProperties) = preSolution
		HideSolutionNode = FALSE
	EndGlobalSection
	GlobalSection(ExtensibilityGlobals) = postSolution
		SolutionGuid = {4A3651C9-7E24-4BD5-A408-A73B9B3F2CEC}
	EndGlobalSection
EndGlobal
